// !$*UTF8*$!
{
	archiveVersion = 1;
	classes = {
	};
	objectVersion = 56;
	objects = {

/* Begin PBXBuildFile section */
		2152FC372B5F772000CBAC32 /* AppDelegate.swift in Sources */ = {isa = PBXBuildFile; fileRef = 2152FC362B5F772000CBAC32 /* AppDelegate.swift */; };
		2152FC392B5F772000CBAC32 /* SceneDelegate.swift in Sources */ = {isa = PBXBuildFile; fileRef = 2152FC382B5F772000CBAC32 /* SceneDelegate.swift */; };
		2152FC3B2B5F772000CBAC32 /* ImageCount.swift in Sources */ = {isa = PBXBuildFile; fileRef = 2152FC3A2B5F772000CBAC32 /* ImageCount.swift */; };
		2152FC3E2B5F772000CBAC32 /* Main.storyboard in Resources */ = {isa = PBXBuildFile; fileRef = 2152FC3C2B5F772000CBAC32 /* Main.storyboard */; };
		2152FC432B5F772200CBAC32 /* LaunchScreen.storyboard in Resources */ = {isa = PBXBuildFile; fileRef = 2152FC412B5F772200CBAC32 /* LaunchScreen.storyboard */; };
		2152FC4E2B5F772300CBAC32 /* InternalStoragePhotosTests.swift in Sources */ = {isa = PBXBuildFile; fileRef = 2152FC4D2B5F772300CBAC32 /* InternalStoragePhotosTests.swift */; };
		2152FC582B5F772300CBAC32 /* InternalStoragePhotosUITests.swift in Sources */ = {isa = PBXBuildFile; fileRef = 2152FC572B5F772300CBAC32 /* InternalStoragePhotosUITests.swift */; };
		2152FC5A2B5F772300CBAC32 /* InternalStoragePhotosUITestsLaunchTests.swift in Sources */ = {isa = PBXBuildFile; fileRef = 2152FC592B5F772300CBAC32 /* InternalStoragePhotosUITestsLaunchTests.swift */; };
		2152FC672B5F787D00CBAC32 /* ImageCountCell.swift in Sources */ = {isa = PBXBuildFile; fileRef = 2152FC662B5F787D00CBAC32 /* ImageCountCell.swift */; };
		2152FC6A2B5F7D3900CBAC32 /* HomePage.swift in Sources */ = {isa = PBXBuildFile; fileRef = 2152FC692B5F7D3900CBAC32 /* HomePage.swift */; };
		2152FC7D2B5F9BB200CBAC32 /* SelectFolder.swift in Sources */ = {isa = PBXBuildFile; fileRef = 2152FC7C2B5F9BB200CBAC32 /* SelectFolder.swift */; };
		2152FC812B5F9C5400CBAC32 /* SelectFolderViewCell.swift in Sources */ = {isa = PBXBuildFile; fileRef = 2152FC802B5F9C5400CBAC32 /* SelectFolderViewCell.swift */; };
		216345832B8331B4005D095B /* DateHeaderView.swift in Sources */ = {isa = PBXBuildFile; fileRef = 216345822B8331B4005D095B /* DateHeaderView.swift */; };
		2185C49A2B6A2544004254F3 /* PVSwitch.swift in Sources */ = {isa = PBXBuildFile; fileRef = 2185C4992B6A2544004254F3 /* PVSwitch.swift */; };
		21914B9E2B5FB8DE00DA93A2 /* SelectImageViewCell.swift in Sources */ = {isa = PBXBuildFile; fileRef = 21914B9D2B5FB8DE00DA93A2 /* SelectImageViewCell.swift */; };
		21914BA02B5FB93A00DA93A2 /* SelectImages.swift in Sources */ = {isa = PBXBuildFile; fileRef = 21914B9F2B5FB93A00DA93A2 /* SelectImages.swift */; };
		21914BA42B5FD0F400DA93A2 /* SaveImagesBottomSheet.swift in Sources */ = {isa = PBXBuildFile; fileRef = 21914BA32B5FD0F400DA93A2 /* SaveImagesBottomSheet.swift */; };
		21914BA62B5FD42100DA93A2 /* CustomVisualEffectView.swift in Sources */ = {isa = PBXBuildFile; fileRef = 21914BA52B5FD42100DA93A2 /* CustomVisualEffectView.swift */; };
		21914BA72B5FD71100DA93A2 /* Assets.xcassets in Resources */ = {isa = PBXBuildFile; fileRef = 2152FC3F2B5F772200CBAC32 /* Assets.xcassets */; };
		21914BA92B5FE2F000DA93A2 /* ConvertingToPDF.swift in Sources */ = {isa = PBXBuildFile; fileRef = 21914BA82B5FE2F000DA93A2 /* ConvertingToPDF.swift */; };
		2197BCFE2B60DFD7001E9727 /* Poppins-Medium.ttf in Resources */ = {isa = PBXBuildFile; fileRef = 2197BCFB2B60DFD7001E9727 /* Poppins-Medium.ttf */; };
		2197BCFF2B60DFD7001E9727 /* Poppins-Regular.ttf in Resources */ = {isa = PBXBuildFile; fileRef = 2197BCFC2B60DFD7001E9727 /* Poppins-Regular.ttf */; };
		2197BD002B60DFD7001E9727 /* Poppins-Bold.ttf in Resources */ = {isa = PBXBuildFile; fileRef = 2197BCFD2B60DFD7001E9727 /* Poppins-Bold.ttf */; };
		2197BD042B60FE26001E9727 /* GenratedPDF.swift in Sources */ = {isa = PBXBuildFile; fileRef = 2197BD032B60FE26001E9727 /* GenratedPDF.swift */; };
		2197BD092B610742001E9727 /* GeneratedPDFTableViewCell.swift in Sources */ = {isa = PBXBuildFile; fileRef = 2197BD082B610742001E9727 /* GeneratedPDFTableViewCell.swift */; };
		2197BD0C2B610CC4001E9727 /* Menu.swift in Sources */ = {isa = PBXBuildFile; fileRef = 2197BD0B2B610CC4001E9727 /* Menu.swift */; };
		2197BD0E2B61237F001E9727 /* DarkModeColor.swift in Sources */ = {isa = PBXBuildFile; fileRef = 2197BD0D2B61237F001E9727 /* DarkModeColor.swift */; };
		2197BD102B61238B001E9727 /* LightColorFile.swift in Sources */ = {isa = PBXBuildFile; fileRef = 2197BD0F2B61238B001E9727 /* LightColorFile.swift */; };
		21CEB77D2B62516F00C7E619 /* ConvertedSucessfully.swift in Sources */ = {isa = PBXBuildFile; fileRef = 21CEB77C2B62516F00C7E619 /* ConvertedSucessfully.swift */; };
		21F15B072B734F240074DB45 /* HomeCollectionViewCell.swift in Sources */ = {isa = PBXBuildFile; fileRef = 21F15B062B734F240074DB45 /* HomeCollectionViewCell.swift */; };
		2C29A1B8677B9E8D2E45BD75 /* Pods_ConvertToPDFTests.framework in Frameworks */ = {isa = PBXBuildFile; fileRef = 045CB7C5A22EFAAD702B699B /* Pods_ConvertToPDFTests.framework */; };
		3A69803E53FEEC3D49A0F969 /* Pods_ConvertToPDF_ConvertToPDFUITests.framework in Frameworks */ = {isa = PBXBuildFile; fileRef = 770762D039070CA46B325B2C /* Pods_ConvertToPDF_ConvertToPDFUITests.framework */; };
		668CD73C820C4E49FD807FFE /* Pods_ConvertToPDF.framework in Frameworks */ = {isa = PBXBuildFile; fileRef = D4B28D54EF5C4A1AE0109CA5 /* Pods_ConvertToPDF.framework */; };
/* End PBXBuildFile section */

/* Begin PBXContainerItemProxy section */
		2152FC4A2B5F772300CBAC32 /* PBXContainerItemProxy */ = {
			isa = PBXContainerItemProxy;
			containerPortal = 2152FC2B2B5F772000CBAC32 /* Project object */;
			proxyType = 1;
			remoteGlobalIDString = 2152FC322B5F772000CBAC32;
			remoteInfo = InternalStoragePhotos;
		};
		2152FC542B5F772300CBAC32 /* PBXContainerItemProxy */ = {
			isa = PBXContainerItemProxy;
			containerPortal = 2152FC2B2B5F772000CBAC32 /* Project object */;
			proxyType = 1;
			remoteGlobalIDString = 2152FC322B5F772000CBAC32;
			remoteInfo = InternalStoragePhotos;
		};
		219A56922B675F9B00CAB5B8 /* PBXContainerItemProxy */ = {
			isa = PBXContainerItemProxy;
			containerPortal = 219A568A2B675F9A00CAB5B8 /* Pods.xcodeproj */;
			proxyType = 2;
			remoteGlobalIDString = 3A3301C08F64AC3EC3F87C7DA8F13963;
			remoteInfo = "Pods-ConvertToPDF";
		};
		219A56942B675F9B00CAB5B8 /* PBXContainerItemProxy */ = {
			isa = PBXContainerItemProxy;
			containerPortal = 219A568A2B675F9A00CAB5B8 /* Pods.xcodeproj */;
			proxyType = 2;
			remoteGlobalIDString = 5C2D35530853C7E4744C6D1D917E742B;
			remoteInfo = "Pods-ConvertToPDF-ConvertToPDFUITests";
		};
		219A56962B675F9B00CAB5B8 /* PBXContainerItemProxy */ = {
			isa = PBXContainerItemProxy;
			containerPortal = 219A568A2B675F9A00CAB5B8 /* Pods.xcodeproj */;
			proxyType = 2;
			remoteGlobalIDString = 1171D9AAFAA516938F7C3B73C12079E1;
			remoteInfo = "Pods-ConvertToPDFTests";
		};
/* End PBXContainerItemProxy section */

/* Begin PBXFileReference section */
		045CB7C5A22EFAAD702B699B /* Pods_ConvertToPDFTests.framework */ = {isa = PBXFileReference; explicitFileType = wrapper.framework; includeInIndex = 0; path = Pods_ConvertToPDFTests.framework; sourceTree = BUILT_PRODUCTS_DIR; };
		2152FC332B5F772000CBAC32 /* ConvertToPDF.app */ = {isa = PBXFileReference; explicitFileType = wrapper.application; includeInIndex = 0; path = ConvertToPDF.app; sourceTree = BUILT_PRODUCTS_DIR; };
		2152FC362B5F772000CBAC32 /* AppDelegate.swift */ = {isa = PBXFileReference; lastKnownFileType = sourcecode.swift; path = AppDelegate.swift; sourceTree = "<group>"; };
		2152FC382B5F772000CBAC32 /* SceneDelegate.swift */ = {isa = PBXFileReference; lastKnownFileType = sourcecode.swift; path = SceneDelegate.swift; sourceTree = "<group>"; };
		2152FC3A2B5F772000CBAC32 /* ImageCount.swift */ = {isa = PBXFileReference; lastKnownFileType = sourcecode.swift; path = ImageCount.swift; sourceTree = "<group>"; };
		2152FC3D2B5F772000CBAC32 /* Base */ = {isa = PBXFileReference; lastKnownFileType = file.storyboard; name = Base; path = Base.lproj/Main.storyboard; sourceTree = "<group>"; };
		2152FC3F2B5F772200CBAC32 /* Assets.xcassets */ = {isa = PBXFileReference; lastKnownFileType = folder.assetcatalog; path = Assets.xcassets; sourceTree = "<group>"; };
		2152FC422B5F772200CBAC32 /* Base */ = {isa = PBXFileReference; lastKnownFileType = file.storyboard; name = Base; path = Base.lproj/LaunchScreen.storyboard; sourceTree = "<group>"; };
		2152FC442B5F772200CBAC32 /* Info.plist */ = {isa = PBXFileReference; lastKnownFileType = text.plist.xml; path = Info.plist; sourceTree = "<group>"; };
		2152FC492B5F772300CBAC32 /* ConvertToPDFTests.xctest */ = {isa = PBXFileReference; explicitFileType = wrapper.cfbundle; includeInIndex = 0; path = ConvertToPDFTests.xctest; sourceTree = BUILT_PRODUCTS_DIR; };
		2152FC4D2B5F772300CBAC32 /* InternalStoragePhotosTests.swift */ = {isa = PBXFileReference; lastKnownFileType = sourcecode.swift; path = InternalStoragePhotosTests.swift; sourceTree = "<group>"; };
		2152FC532B5F772300CBAC32 /* ConvertToPDFUITests.xctest */ = {isa = PBXFileReference; explicitFileType = wrapper.cfbundle; includeInIndex = 0; path = ConvertToPDFUITests.xctest; sourceTree = BUILT_PRODUCTS_DIR; };
		2152FC572B5F772300CBAC32 /* InternalStoragePhotosUITests.swift */ = {isa = PBXFileReference; lastKnownFileType = sourcecode.swift; path = InternalStoragePhotosUITests.swift; sourceTree = "<group>"; };
		2152FC592B5F772300CBAC32 /* InternalStoragePhotosUITestsLaunchTests.swift */ = {isa = PBXFileReference; lastKnownFileType = sourcecode.swift; path = InternalStoragePhotosUITestsLaunchTests.swift; sourceTree = "<group>"; };
		2152FC662B5F787D00CBAC32 /* ImageCountCell.swift */ = {isa = PBXFileReference; lastKnownFileType = sourcecode.swift; path = ImageCountCell.swift; sourceTree = "<group>"; };
		2152FC692B5F7D3900CBAC32 /* HomePage.swift */ = {isa = PBXFileReference; lastKnownFileType = sourcecode.swift; path = HomePage.swift; sourceTree = "<group>"; };
		2152FC7C2B5F9BB200CBAC32 /* SelectFolder.swift */ = {isa = PBXFileReference; lastKnownFileType = sourcecode.swift; path = SelectFolder.swift; sourceTree = "<group>"; };
		2152FC802B5F9C5400CBAC32 /* SelectFolderViewCell.swift */ = {isa = PBXFileReference; lastKnownFileType = sourcecode.swift; path = SelectFolderViewCell.swift; sourceTree = "<group>"; };
		216345822B8331B4005D095B /* DateHeaderView.swift */ = {isa = PBXFileReference; lastKnownFileType = sourcecode.swift; path = DateHeaderView.swift; sourceTree = "<group>"; };
		2185C4992B6A2544004254F3 /* PVSwitch.swift */ = {isa = PBXFileReference; lastKnownFileType = sourcecode.swift; path = PVSwitch.swift; sourceTree = "<group>"; };
		21914B9D2B5FB8DE00DA93A2 /* SelectImageViewCell.swift */ = {isa = PBXFileReference; lastKnownFileType = sourcecode.swift; path = SelectImageViewCell.swift; sourceTree = "<group>"; };
		21914B9F2B5FB93A00DA93A2 /* SelectImages.swift */ = {isa = PBXFileReference; lastKnownFileType = sourcecode.swift; path = SelectImages.swift; sourceTree = "<group>"; };
		21914BA32B5FD0F400DA93A2 /* SaveImagesBottomSheet.swift */ = {isa = PBXFileReference; lastKnownFileType = sourcecode.swift; path = SaveImagesBottomSheet.swift; sourceTree = "<group>"; };
		21914BA52B5FD42100DA93A2 /* CustomVisualEffectView.swift */ = {isa = PBXFileReference; lastKnownFileType = sourcecode.swift; path = CustomVisualEffectView.swift; sourceTree = "<group>"; };
		21914BA82B5FE2F000DA93A2 /* ConvertingToPDF.swift */ = {isa = PBXFileReference; lastKnownFileType = sourcecode.swift; path = ConvertingToPDF.swift; sourceTree = "<group>"; };
		2197BCFB2B60DFD7001E9727 /* Poppins-Medium.ttf */ = {isa = PBXFileReference; lastKnownFileType = file; name = "Poppins-Medium.ttf"; path = "../../../../Font/Font/Poppins-Medium.ttf"; sourceTree = "<group>"; };
		2197BCFC2B60DFD7001E9727 /* Poppins-Regular.ttf */ = {isa = PBXFileReference; lastKnownFileType = file; name = "Poppins-Regular.ttf"; path = "../../../../Font/Font/Poppins-Regular.ttf"; sourceTree = "<group>"; };
		2197BCFD2B60DFD7001E9727 /* Poppins-Bold.ttf */ = {isa = PBXFileReference; lastKnownFileType = file; name = "Poppins-Bold.ttf"; path = "../../../../Font/Font/Poppins-Bold.ttf"; sourceTree = "<group>"; };
		2197BD032B60FE26001E9727 /* GenratedPDF.swift */ = {isa = PBXFileReference; lastKnownFileType = sourcecode.swift; path = GenratedPDF.swift; sourceTree = "<group>"; };
		2197BD082B610742001E9727 /* GeneratedPDFTableViewCell.swift */ = {isa = PBXFileReference; lastKnownFileType = sourcecode.swift; path = GeneratedPDFTableViewCell.swift; sourceTree = "<group>"; };
		2197BD0B2B610CC4001E9727 /* Menu.swift */ = {isa = PBXFileReference; lastKnownFileType = sourcecode.swift; path = Menu.swift; sourceTree = "<group>"; };
		2197BD0D2B61237F001E9727 /* DarkModeColor.swift */ = {isa = PBXFileReference; lastKnownFileType = sourcecode.swift; path = DarkModeColor.swift; sourceTree = "<group>"; };
		2197BD0F2B61238B001E9727 /* LightColorFile.swift */ = {isa = PBXFileReference; lastKnownFileType = sourcecode.swift; path = LightColorFile.swift; sourceTree = "<group>"; };
		219A56892B675F7A00CAB5B8 /* Pods */ = {isa = PBXFileReference; lastKnownFileType = folder; path = Pods; sourceTree = "<group>"; };
		219A568A2B675F9A00CAB5B8 /* Pods.xcodeproj */ = {isa = PBXFileReference; lastKnownFileType = "wrapper.pb-project"; name = Pods.xcodeproj; path = Pods/Pods.xcodeproj; sourceTree = "<group>"; };
		21CEB77C2B62516F00C7E619 /* ConvertedSucessfully.swift */ = {isa = PBXFileReference; lastKnownFileType = sourcecode.swift; path = ConvertedSucessfully.swift; sourceTree = "<group>"; };
		21F15B062B734F240074DB45 /* HomeCollectionViewCell.swift */ = {isa = PBXFileReference; lastKnownFileType = sourcecode.swift; path = HomeCollectionViewCell.swift; sourceTree = "<group>"; };
		2260891F8467BE60D15CB7BE /* Pods-ConvertToPDFTests.release.xcconfig */ = {isa = PBXFileReference; includeInIndex = 1; lastKnownFileType = text.xcconfig; name = "Pods-ConvertToPDFTests.release.xcconfig"; path = "Target Support Files/Pods-ConvertToPDFTests/Pods-ConvertToPDFTests.release.xcconfig"; sourceTree = "<group>"; };
		4226F7CC765CEC2910BFEC9B /* Pods-ConvertToPDFTests.debug.xcconfig */ = {isa = PBXFileReference; includeInIndex = 1; lastKnownFileType = text.xcconfig; name = "Pods-ConvertToPDFTests.debug.xcconfig"; path = "Target Support Files/Pods-ConvertToPDFTests/Pods-ConvertToPDFTests.debug.xcconfig"; sourceTree = "<group>"; };
		659168272F8913B5FD9AB1A9 /* Pods-ConvertToPDF-ConvertToPDFUITests.release.xcconfig */ = {isa = PBXFileReference; includeInIndex = 1; lastKnownFileType = text.xcconfig; name = "Pods-ConvertToPDF-ConvertToPDFUITests.release.xcconfig"; path = "Target Support Files/Pods-ConvertToPDF-ConvertToPDFUITests/Pods-ConvertToPDF-ConvertToPDFUITests.release.xcconfig"; sourceTree = "<group>"; };
		6C8AC4CCA02DC1D63CDAF334 /* Pods-ConvertToPDF.debug.xcconfig */ = {isa = PBXFileReference; includeInIndex = 1; lastKnownFileType = text.xcconfig; name = "Pods-ConvertToPDF.debug.xcconfig"; path = "Target Support Files/Pods-ConvertToPDF/Pods-ConvertToPDF.debug.xcconfig"; sourceTree = "<group>"; };
		770762D039070CA46B325B2C /* Pods_ConvertToPDF_ConvertToPDFUITests.framework */ = {isa = PBXFileReference; explicitFileType = wrapper.framework; includeInIndex = 0; path = Pods_ConvertToPDF_ConvertToPDFUITests.framework; sourceTree = BUILT_PRODUCTS_DIR; };
		CAC8D8402242A48DE9142132 /* Pods-ConvertToPDF-ConvertToPDFUITests.debug.xcconfig */ = {isa = PBXFileReference; includeInIndex = 1; lastKnownFileType = text.xcconfig; name = "Pods-ConvertToPDF-ConvertToPDFUITests.debug.xcconfig"; path = "Target Support Files/Pods-ConvertToPDF-ConvertToPDFUITests/Pods-ConvertToPDF-ConvertToPDFUITests.debug.xcconfig"; sourceTree = "<group>"; };
		D4B28D54EF5C4A1AE0109CA5 /* Pods_ConvertToPDF.framework */ = {isa = PBXFileReference; explicitFileType = wrapper.framework; includeInIndex = 0; path = Pods_ConvertToPDF.framework; sourceTree = BUILT_PRODUCTS_DIR; };
		EDB83EAD416D1336EF6B494D /* Pods-ConvertToPDF.release.xcconfig */ = {isa = PBXFileReference; includeInIndex = 1; lastKnownFileType = text.xcconfig; name = "Pods-ConvertToPDF.release.xcconfig"; path = "Target Support Files/Pods-ConvertToPDF/Pods-ConvertToPDF.release.xcconfig"; sourceTree = "<group>"; };
/* End PBXFileReference section */

/* Begin PBXFrameworksBuildPhase section */
		2152FC302B5F772000CBAC32 /* Frameworks */ = {
			isa = PBXFrameworksBuildPhase;
			buildActionMask = 2147483647;
			files = (
				668CD73C820C4E49FD807FFE /* Pods_ConvertToPDF.framework in Frameworks */,
			);
			runOnlyForDeploymentPostprocessing = 0;
		};
		2152FC462B5F772300CBAC32 /* Frameworks */ = {
			isa = PBXFrameworksBuildPhase;
			buildActionMask = 2147483647;
			files = (
				2C29A1B8677B9E8D2E45BD75 /* Pods_ConvertToPDFTests.framework in Frameworks */,
			);
			runOnlyForDeploymentPostprocessing = 0;
		};
		2152FC502B5F772300CBAC32 /* Frameworks */ = {
			isa = PBXFrameworksBuildPhase;
			buildActionMask = 2147483647;
			files = (
				3A69803E53FEEC3D49A0F969 /* Pods_ConvertToPDF_ConvertToPDFUITests.framework in Frameworks */,
			);
			runOnlyForDeploymentPostprocessing = 0;
		};
/* End PBXFrameworksBuildPhase section */

/* Begin PBXGroup section */
		2152FC2A2B5F772000CBAC32 = {
			isa = PBXGroup;
			children = (
				2152FC352B5F772000CBAC32 /* ConvertToPDF */,
				2152FC4C2B5F772300CBAC32 /* ConvertToPDFTests */,
				2152FC562B5F772300CBAC32 /* ConvertToPDFUITests */,
				2152FC342B5F772000CBAC32 /* Products */,
				A1ED87945680B676A8A84333 /* Pods */,
				219A568A2B675F9A00CAB5B8 /* Pods.xcodeproj */,
				BA8FCDB959F75C1F54CB8589 /* Frameworks */,
			);
			sourceTree = "<group>";
		};
		2152FC342B5F772000CBAC32 /* Products */ = {
			isa = PBXGroup;
			children = (
				2152FC332B5F772000CBAC32 /* ConvertToPDF.app */,
				2152FC492B5F772300CBAC32 /* ConvertToPDFTests.xctest */,
				2152FC532B5F772300CBAC32 /* ConvertToPDFUITests.xctest */,
			);
			name = Products;
			sourceTree = "<group>";
		};
		2152FC352B5F772000CBAC32 /* ConvertToPDF */ = {
			isa = PBXGroup;
			children = (
				2197BD0A2B61074C001E9727 /* View */,
				2197BD052B60FE3D001E9727 /* Bottomsheet */,
				2152FC7F2B5F9C0200CBAC32 /* TableViewCell */,
				2152FC7E2B5F9BF800CBAC32 /* CollectionViewCell */,
				2152FC6F2B5F99C900CBAC32 /* Font */,
				2152FC682B5F7D1800CBAC32 /* Controller */,
				2152FC362B5F772000CBAC32 /* AppDelegate.swift */,
				2152FC382B5F772000CBAC32 /* SceneDelegate.swift */,
				2152FC3C2B5F772000CBAC32 /* Main.storyboard */,
				2152FC3F2B5F772200CBAC32 /* Assets.xcassets */,
				2152FC412B5F772200CBAC32 /* LaunchScreen.storyboard */,
				2152FC442B5F772200CBAC32 /* Info.plist */,
			);
			path = ConvertToPDF;
			sourceTree = "<group>";
		};
		2152FC4C2B5F772300CBAC32 /* ConvertToPDFTests */ = {
			isa = PBXGroup;
			children = (
				2152FC4D2B5F772300CBAC32 /* InternalStoragePhotosTests.swift */,
			);
			path = ConvertToPDFTests;
			sourceTree = "<group>";
		};
		2152FC562B5F772300CBAC32 /* ConvertToPDFUITests */ = {
			isa = PBXGroup;
			children = (
				2152FC572B5F772300CBAC32 /* InternalStoragePhotosUITests.swift */,
				2152FC592B5F772300CBAC32 /* InternalStoragePhotosUITestsLaunchTests.swift */,
			);
			path = ConvertToPDFUITests;
			sourceTree = "<group>";
		};
		2152FC682B5F7D1800CBAC32 /* Controller */ = {
			isa = PBXGroup;
			children = (
				2152FC692B5F7D3900CBAC32 /* HomePage.swift */,
				2152FC7C2B5F9BB200CBAC32 /* SelectFolder.swift */,
				2152FC3A2B5F772000CBAC32 /* ImageCount.swift */,
				21914B9F2B5FB93A00DA93A2 /* SelectImages.swift */,
				21914BA82B5FE2F000DA93A2 /* ConvertingToPDF.swift */,
				2197BD032B60FE26001E9727 /* GenratedPDF.swift */,
				21CEB77C2B62516F00C7E619 /* ConvertedSucessfully.swift */,
			);
			path = Controller;
			sourceTree = "<group>";
		};
		2152FC6F2B5F99C900CBAC32 /* Font */ = {
			isa = PBXGroup;
			children = (
				2197BCFD2B60DFD7001E9727 /* Poppins-Bold.ttf */,
				2197BCFB2B60DFD7001E9727 /* Poppins-Medium.ttf */,
				2197BCFC2B60DFD7001E9727 /* Poppins-Regular.ttf */,
			);
			path = Font;
			sourceTree = "<group>";
		};
		2152FC7E2B5F9BF800CBAC32 /* CollectionViewCell */ = {
			isa = PBXGroup;
			children = (
				2152FC662B5F787D00CBAC32 /* ImageCountCell.swift */,
				21914B9D2B5FB8DE00DA93A2 /* SelectImageViewCell.swift */,
				21F15B062B734F240074DB45 /* HomeCollectionViewCell.swift */,
			);
			path = CollectionViewCell;
			sourceTree = "<group>";
		};
		2152FC7F2B5F9C0200CBAC32 /* TableViewCell */ = {
			isa = PBXGroup;
			children = (
				2152FC802B5F9C5400CBAC32 /* SelectFolderViewCell.swift */,
				2197BD082B610742001E9727 /* GeneratedPDFTableViewCell.swift */,
			);
			path = TableViewCell;
			sourceTree = "<group>";
		};
		2197BD052B60FE3D001E9727 /* Bottomsheet */ = {
			isa = PBXGroup;
			children = (
				21914BA32B5FD0F400DA93A2 /* SaveImagesBottomSheet.swift */,
				2197BD0B2B610CC4001E9727 /* Menu.swift */,
			);
			path = Bottomsheet;
			sourceTree = "<group>";
		};
		2197BD0A2B61074C001E9727 /* View */ = {
			isa = PBXGroup;
			children = (
				21914BA52B5FD42100DA93A2 /* CustomVisualEffectView.swift */,
				2197BD0D2B61237F001E9727 /* DarkModeColor.swift */,
				2197BD0F2B61238B001E9727 /* LightColorFile.swift */,
				2185C4992B6A2544004254F3 /* PVSwitch.swift */,
				216345822B8331B4005D095B /* DateHeaderView.swift */,
			);
			path = View;
			sourceTree = "<group>";
		};
		219A568B2B675F9A00CAB5B8 /* Products */ = {
			isa = PBXGroup;
			children = (
				219A56932B675F9B00CAB5B8 /* Pods-ConvertToPDF */,
				219A56952B675F9B00CAB5B8 /* Pods-ConvertToPDF-ConvertToPDFUITests */,
				219A56972B675F9B00CAB5B8 /* Pods-ConvertToPDFTests */,
			);
			name = Products;
			sourceTree = "<group>";
		};
		A1ED87945680B676A8A84333 /* Pods */ = {
			isa = PBXGroup;
			children = (
				6C8AC4CCA02DC1D63CDAF334 /* Pods-ConvertToPDF.debug.xcconfig */,
				EDB83EAD416D1336EF6B494D /* Pods-ConvertToPDF.release.xcconfig */,
				CAC8D8402242A48DE9142132 /* Pods-ConvertToPDF-ConvertToPDFUITests.debug.xcconfig */,
				659168272F8913B5FD9AB1A9 /* Pods-ConvertToPDF-ConvertToPDFUITests.release.xcconfig */,
				4226F7CC765CEC2910BFEC9B /* Pods-ConvertToPDFTests.debug.xcconfig */,
				2260891F8467BE60D15CB7BE /* Pods-ConvertToPDFTests.release.xcconfig */,
			);
			path = Pods;
			sourceTree = "<group>";
		};
		BA8FCDB959F75C1F54CB8589 /* Frameworks */ = {
			isa = PBXGroup;
			children = (
				219A56892B675F7A00CAB5B8 /* Pods */,
				D4B28D54EF5C4A1AE0109CA5 /* Pods_ConvertToPDF.framework */,
				770762D039070CA46B325B2C /* Pods_ConvertToPDF_ConvertToPDFUITests.framework */,
				045CB7C5A22EFAAD702B699B /* Pods_ConvertToPDFTests.framework */,
			);
			name = Frameworks;
			sourceTree = "<group>";
		};
/* End PBXGroup section */

/* Begin PBXNativeTarget section */
		2152FC322B5F772000CBAC32 /* ConvertToPDF */ = {
			isa = PBXNativeTarget;
			buildConfigurationList = 2152FC5D2B5F772300CBAC32 /* Build configuration list for PBXNativeTarget "ConvertToPDF" */;
			buildPhases = (
				CE58CE32957FBF26A37A8DE9 /* [CP] Check Pods Manifest.lock */,
				2152FC2F2B5F772000CBAC32 /* Sources */,
				2152FC302B5F772000CBAC32 /* Frameworks */,
				2152FC312B5F772000CBAC32 /* Resources */,
			);
			buildRules = (
			);
			dependencies = (
			);
			name = ConvertToPDF;
			productName = InternalStoragePhotos;
			productReference = 2152FC332B5F772000CBAC32 /* ConvertToPDF.app */;
			productType = "com.apple.product-type.application";
		};
		2152FC482B5F772300CBAC32 /* ConvertToPDFTests */ = {
			isa = PBXNativeTarget;
			buildConfigurationList = 2152FC602B5F772300CBAC32 /* Build configuration list for PBXNativeTarget "ConvertToPDFTests" */;
			buildPhases = (
				6183D940F4AF01ABE635BB1A /* [CP] Check Pods Manifest.lock */,
				2152FC452B5F772300CBAC32 /* Sources */,
				2152FC462B5F772300CBAC32 /* Frameworks */,
				2152FC472B5F772300CBAC32 /* Resources */,
			);
			buildRules = (
			);
			dependencies = (
				2152FC4B2B5F772300CBAC32 /* PBXTargetDependency */,
			);
			name = ConvertToPDFTests;
			productName = InternalStoragePhotosTests;
			productReference = 2152FC492B5F772300CBAC32 /* ConvertToPDFTests.xctest */;
			productType = "com.apple.product-type.bundle.unit-test";
		};
		2152FC522B5F772300CBAC32 /* ConvertToPDFUITests */ = {
			isa = PBXNativeTarget;
			buildConfigurationList = 2152FC632B5F772300CBAC32 /* Build configuration list for PBXNativeTarget "ConvertToPDFUITests" */;
			buildPhases = (
				2D13B17AF729CC404C7639DD /* [CP] Check Pods Manifest.lock */,
				2152FC4F2B5F772300CBAC32 /* Sources */,
				2152FC502B5F772300CBAC32 /* Frameworks */,
				2152FC512B5F772300CBAC32 /* Resources */,
			);
			buildRules = (
			);
			dependencies = (
				2152FC552B5F772300CBAC32 /* PBXTargetDependency */,
			);
			name = ConvertToPDFUITests;
			productName = InternalStoragePhotosUITests;
			productReference = 2152FC532B5F772300CBAC32 /* ConvertToPDFUITests.xctest */;
			productType = "com.apple.product-type.bundle.ui-testing";
		};
/* End PBXNativeTarget section */

/* Begin PBXProject section */
		2152FC2B2B5F772000CBAC32 /* Project object */ = {
			isa = PBXProject;
			attributes = {
				BuildIndependentTargetsInParallel = 1;
				LastSwiftUpdateCheck = 1500;
				LastUpgradeCheck = 1500;
				TargetAttributes = {
					2152FC322B5F772000CBAC32 = {
						CreatedOnToolsVersion = 15.0;
					};
					2152FC482B5F772300CBAC32 = {
						CreatedOnToolsVersion = 15.0;
						TestTargetID = 2152FC322B5F772000CBAC32;
					};
					2152FC522B5F772300CBAC32 = {
						CreatedOnToolsVersion = 15.0;
						TestTargetID = 2152FC322B5F772000CBAC32;
					};
				};
			};
			buildConfigurationList = 2152FC2E2B5F772000CBAC32 /* Build configuration list for PBXProject "ConvertToPDF" */;
			compatibilityVersion = "Xcode 14.0";
			developmentRegion = en;
			hasScannedForEncodings = 0;
			knownRegions = (
				en,
				Base,
			);
			mainGroup = 2152FC2A2B5F772000CBAC32;
			productRefGroup = 2152FC342B5F772000CBAC32 /* Products */;
			projectDirPath = "";
			projectReferences = (
				{
					ProductGroup = 219A568B2B675F9A00CAB5B8 /* Products */;
					ProjectRef = 219A568A2B675F9A00CAB5B8 /* Pods.xcodeproj */;
				},
			);
			projectRoot = "";
			targets = (
				2152FC322B5F772000CBAC32 /* ConvertToPDF */,
				2152FC482B5F772300CBAC32 /* ConvertToPDFTests */,
				2152FC522B5F772300CBAC32 /* ConvertToPDFUITests */,
			);
		};
/* End PBXProject section */

/* Begin PBXReferenceProxy section */
		219A56932B675F9B00CAB5B8 /* Pods-ConvertToPDF */ = {
			isa = PBXReferenceProxy;
			fileType = wrapper.framework;
			name = "Pods-ConvertToPDF";
			path = Pods_ConvertToPDF.framework;
			remoteRef = 219A56922B675F9B00CAB5B8 /* PBXContainerItemProxy */;
			sourceTree = BUILT_PRODUCTS_DIR;
		};
		219A56952B675F9B00CAB5B8 /* Pods-ConvertToPDF-ConvertToPDFUITests */ = {
			isa = PBXReferenceProxy;
			fileType = wrapper.framework;
			name = "Pods-ConvertToPDF-ConvertToPDFUITests";
			path = Pods_ConvertToPDF_ConvertToPDFUITests.framework;
			remoteRef = 219A56942B675F9B00CAB5B8 /* PBXContainerItemProxy */;
			sourceTree = BUILT_PRODUCTS_DIR;
		};
		219A56972B675F9B00CAB5B8 /* Pods-ConvertToPDFTests */ = {
			isa = PBXReferenceProxy;
			fileType = wrapper.framework;
			name = "Pods-ConvertToPDFTests";
			path = Pods_ConvertToPDFTests.framework;
			remoteRef = 219A56962B675F9B00CAB5B8 /* PBXContainerItemProxy */;
			sourceTree = BUILT_PRODUCTS_DIR;
		};
/* End PBXReferenceProxy section */

/* Begin PBXResourcesBuildPhase section */
		2152FC312B5F772000CBAC32 /* Resources */ = {
			isa = PBXResourcesBuildPhase;
			buildActionMask = 2147483647;
			files = (
				2152FC432B5F772200CBAC32 /* LaunchScreen.storyboard in Resources */,
				2197BD002B60DFD7001E9727 /* Poppins-Bold.ttf in Resources */,
				2197BCFE2B60DFD7001E9727 /* Poppins-Medium.ttf in Resources */,
				2152FC3E2B5F772000CBAC32 /* Main.storyboard in Resources */,
				21914BA72B5FD71100DA93A2 /* Assets.xcassets in Resources */,
				2197BCFF2B60DFD7001E9727 /* Poppins-Regular.ttf in Resources */,
			);
			runOnlyForDeploymentPostprocessing = 0;
		};
		2152FC472B5F772300CBAC32 /* Resources */ = {
			isa = PBXResourcesBuildPhase;
			buildActionMask = 2147483647;
			files = (
			);
			runOnlyForDeploymentPostprocessing = 0;
		};
		2152FC512B5F772300CBAC32 /* Resources */ = {
			isa = PBXResourcesBuildPhase;
			buildActionMask = 2147483647;
			files = (
			);
			runOnlyForDeploymentPostprocessing = 0;
		};
/* End PBXResourcesBuildPhase section */

/* Begin PBXShellScriptBuildPhase section */
		2D13B17AF729CC404C7639DD /* [CP] Check Pods Manifest.lock */ = {
			isa = PBXShellScriptBuildPhase;
			buildActionMask = 2147483647;
			files = (
			);
			inputFileListPaths = (
			);
			inputPaths = (
				"${PODS_PODFILE_DIR_PATH}/Podfile.lock",
				"${PODS_ROOT}/Manifest.lock",
			);
			name = "[CP] Check Pods Manifest.lock";
			outputFileListPaths = (
			);
			outputPaths = (
				"$(DERIVED_FILE_DIR)/Pods-ConvertToPDF-ConvertToPDFUITests-checkManifestLockResult.txt",
			);
			runOnlyForDeploymentPostprocessing = 0;
			shellPath = /bin/sh;
			shellScript = "diff \"${PODS_PODFILE_DIR_PATH}/Podfile.lock\" \"${PODS_ROOT}/Manifest.lock\" > /dev/null\nif [ $? != 0 ] ; then\n    # print error to STDERR\n    echo \"error: The sandbox is not in sync with the Podfile.lock. Run 'pod install' or update your CocoaPods installation.\" >&2\n    exit 1\nfi\n# This output is used by Xcode 'outputs' to avoid re-running this script phase.\necho \"SUCCESS\" > \"${SCRIPT_OUTPUT_FILE_0}\"\n";
			showEnvVarsInLog = 0;
		};
		6183D940F4AF01ABE635BB1A /* [CP] Check Pods Manifest.lock */ = {
			isa = PBXShellScriptBuildPhase;
			buildActionMask = 2147483647;
			files = (
			);
			inputFileListPaths = (
			);
			inputPaths = (
				"${PODS_PODFILE_DIR_PATH}/Podfile.lock",
				"${PODS_ROOT}/Manifest.lock",
			);
			name = "[CP] Check Pods Manifest.lock";
			outputFileListPaths = (
			);
			outputPaths = (
				"$(DERIVED_FILE_DIR)/Pods-ConvertToPDFTests-checkManifestLockResult.txt",
			);
			runOnlyForDeploymentPostprocessing = 0;
			shellPath = /bin/sh;
			shellScript = "diff \"${PODS_PODFILE_DIR_PATH}/Podfile.lock\" \"${PODS_ROOT}/Manifest.lock\" > /dev/null\nif [ $? != 0 ] ; then\n    # print error to STDERR\n    echo \"error: The sandbox is not in sync with the Podfile.lock. Run 'pod install' or update your CocoaPods installation.\" >&2\n    exit 1\nfi\n# This output is used by Xcode 'outputs' to avoid re-running this script phase.\necho \"SUCCESS\" > \"${SCRIPT_OUTPUT_FILE_0}\"\n";
			showEnvVarsInLog = 0;
		};
		CE58CE32957FBF26A37A8DE9 /* [CP] Check Pods Manifest.lock */ = {
			isa = PBXShellScriptBuildPhase;
			buildActionMask = 2147483647;
			files = (
			);
			inputFileListPaths = (
			);
			inputPaths = (
				"${PODS_PODFILE_DIR_PATH}/Podfile.lock",
				"${PODS_ROOT}/Manifest.lock",
			);
			name = "[CP] Check Pods Manifest.lock";
			outputFileListPaths = (
			);
			outputPaths = (
				"$(DERIVED_FILE_DIR)/Pods-ConvertToPDF-checkManifestLockResult.txt",
			);
			runOnlyForDeploymentPostprocessing = 0;
			shellPath = /bin/sh;
			shellScript = "diff \"${PODS_PODFILE_DIR_PATH}/Podfile.lock\" \"${PODS_ROOT}/Manifest.lock\" > /dev/null\nif [ $? != 0 ] ; then\n    # print error to STDERR\n    echo \"error: The sandbox is not in sync with the Podfile.lock. Run 'pod install' or update your CocoaPods installation.\" >&2\n    exit 1\nfi\n# This output is used by Xcode 'outputs' to avoid re-running this script phase.\necho \"SUCCESS\" > \"${SCRIPT_OUTPUT_FILE_0}\"\n";
			showEnvVarsInLog = 0;
		};
/* End PBXShellScriptBuildPhase section */

/* Begin PBXSourcesBuildPhase section */
		2152FC2F2B5F772000CBAC32 /* Sources */ = {
			isa = PBXSourcesBuildPhase;
			buildActionMask = 2147483647;
			files = (
				2197BD102B61238B001E9727 /* LightColorFile.swift in Sources */,
				2152FC6A2B5F7D3900CBAC32 /* HomePage.swift in Sources */,
				21914BA02B5FB93A00DA93A2 /* SelectImages.swift in Sources */,
				2152FC3B2B5F772000CBAC32 /* ImageCount.swift in Sources */,
				2197BD042B60FE26001E9727 /* GenratedPDF.swift in Sources */,
				21CEB77D2B62516F00C7E619 /* ConvertedSucessfully.swift in Sources */,
				21914B9E2B5FB8DE00DA93A2 /* SelectImageViewCell.swift in Sources */,
				2197BD092B610742001E9727 /* GeneratedPDFTableViewCell.swift in Sources */,
				2152FC372B5F772000CBAC32 /* AppDelegate.swift in Sources */,
				2152FC672B5F787D00CBAC32 /* ImageCountCell.swift in Sources */,
				21914BA62B5FD42100DA93A2 /* CustomVisualEffectView.swift in Sources */,
				2197BD0C2B610CC4001E9727 /* Menu.swift in Sources */,
				21914BA42B5FD0F400DA93A2 /* SaveImagesBottomSheet.swift in Sources */,
				2185C49A2B6A2544004254F3 /* PVSwitch.swift in Sources */,
				21914BA92B5FE2F000DA93A2 /* ConvertingToPDF.swift in Sources */,
				21F15B072B734F240074DB45 /* HomeCollectionViewCell.swift in Sources */,
				2152FC392B5F772000CBAC32 /* SceneDelegate.swift in Sources */,
				2152FC812B5F9C5400CBAC32 /* SelectFolderViewCell.swift in Sources */,
				2197BD0E2B61237F001E9727 /* DarkModeColor.swift in Sources */,
				2152FC7D2B5F9BB200CBAC32 /* SelectFolder.swift in Sources */,
				216345832B8331B4005D095B /* DateHeaderView.swift in Sources */,
			);
			runOnlyForDeploymentPostprocessing = 0;
		};
		2152FC452B5F772300CBAC32 /* Sources */ = {
			isa = PBXSourcesBuildPhase;
			buildActionMask = 2147483647;
			files = (
				2152FC4E2B5F772300CBAC32 /* InternalStoragePhotosTests.swift in Sources */,
			);
			runOnlyForDeploymentPostprocessing = 0;
		};
		2152FC4F2B5F772300CBAC32 /* Sources */ = {
			isa = PBXSourcesBuildPhase;
			buildActionMask = 2147483647;
			files = (
				2152FC5A2B5F772300CBAC32 /* InternalStoragePhotosUITestsLaunchTests.swift in Sources */,
				2152FC582B5F772300CBAC32 /* InternalStoragePhotosUITests.swift in Sources */,
			);
			runOnlyForDeploymentPostprocessing = 0;
		};
/* End PBXSourcesBuildPhase section */

/* Begin PBXTargetDependency section */
		2152FC4B2B5F772300CBAC32 /* PBXTargetDependency */ = {
			isa = PBXTargetDependency;
			target = 2152FC322B5F772000CBAC32 /* ConvertToPDF */;
			targetProxy = 2152FC4A2B5F772300CBAC32 /* PBXContainerItemProxy */;
		};
		2152FC552B5F772300CBAC32 /* PBXTargetDependency */ = {
			isa = PBXTargetDependency;
			target = 2152FC322B5F772000CBAC32 /* ConvertToPDF */;
			targetProxy = 2152FC542B5F772300CBAC32 /* PBXContainerItemProxy */;
		};
/* End PBXTargetDependency section */

/* Begin PBXVariantGroup section */
		2152FC3C2B5F772000CBAC32 /* Main.storyboard */ = {
			isa = PBXVariantGroup;
			children = (
				2152FC3D2B5F772000CBAC32 /* Base */,
			);
			name = Main.storyboard;
			sourceTree = "<group>";
		};
		2152FC412B5F772200CBAC32 /* LaunchScreen.storyboard */ = {
			isa = PBXVariantGroup;
			children = (
				2152FC422B5F772200CBAC32 /* Base */,
			);
			name = LaunchScreen.storyboard;
			sourceTree = "<group>";
		};
/* End PBXVariantGroup section */

/* Begin XCBuildConfiguration section */
		2152FC5B2B5F772300CBAC32 /* Debug */ = {
			isa = XCBuildConfiguration;
			buildSettings = {
				ALWAYS_SEARCH_USER_PATHS = NO;
				ASSETCATALOG_COMPILER_GENERATE_SWIFT_ASSET_SYMBOL_EXTENSIONS = YES;
				CLANG_ANALYZER_NONNULL = YES;
				CLANG_ANALYZER_NUMBER_OBJECT_CONVERSION = YES_AGGRESSIVE;
				CLANG_CXX_LANGUAGE_STANDARD = "gnu++20";
				CLANG_ENABLE_MODULES = YES;
				CLANG_ENABLE_OBJC_ARC = YES;
				CLANG_ENABLE_OBJC_WEAK = YES;
				CLANG_WARN_BLOCK_CAPTURE_AUTORELEASING = YES;
				CLANG_WARN_BOOL_CONVERSION = YES;
				CLANG_WARN_COMMA = YES;
				CLANG_WARN_CONSTANT_CONVERSION = YES;
				CLANG_WARN_DEPRECATED_OBJC_IMPLEMENTATIONS = YES;
				CLANG_WARN_DIRECT_OBJC_ISA_USAGE = YES_ERROR;
				CLANG_WARN_DOCUMENTATION_COMMENTS = YES;
				CLANG_WARN_EMPTY_BODY = YES;
				CLANG_WARN_ENUM_CONVERSION = YES;
				CLANG_WARN_INFINITE_RECURSION = YES;
				CLANG_WARN_INT_CONVERSION = YES;
				CLANG_WARN_NON_LITERAL_NULL_CONVERSION = YES;
				CLANG_WARN_OBJC_IMPLICIT_RETAIN_SELF = YES;
				CLANG_WARN_OBJC_LITERAL_CONVERSION = YES;
				CLANG_WARN_OBJC_ROOT_CLASS = YES_ERROR;
				CLANG_WARN_QUOTED_INCLUDE_IN_FRAMEWORK_HEADER = YES;
				CLANG_WARN_RANGE_LOOP_ANALYSIS = YES;
				CLANG_WARN_STRICT_PROTOTYPES = YES;
				CLANG_WARN_SUSPICIOUS_MOVE = YES;
				CLANG_WARN_UNGUARDED_AVAILABILITY = YES_AGGRESSIVE;
				CLANG_WARN_UNREACHABLE_CODE = YES;
				CLANG_WARN__DUPLICATE_METHOD_MATCH = YES;
				COPY_PHASE_STRIP = NO;
				DEBUG_INFORMATION_FORMAT = dwarf;
				ENABLE_STRICT_OBJC_MSGSEND = YES;
				ENABLE_TESTABILITY = YES;
				ENABLE_USER_SCRIPT_SANDBOXING = YES;
				GCC_C_LANGUAGE_STANDARD = gnu17;
				GCC_DYNAMIC_NO_PIC = NO;
				GCC_NO_COMMON_BLOCKS = YES;
				GCC_OPTIMIZATION_LEVEL = 0;
				GCC_PREPROCESSOR_DEFINITIONS = (
					"DEBUG=1",
					"$(inherited)",
				);
				GCC_WARN_64_TO_32_BIT_CONVERSION = YES;
				GCC_WARN_ABOUT_RETURN_TYPE = YES_ERROR;
				GCC_WARN_UNDECLARED_SELECTOR = YES;
				GCC_WARN_UNINITIALIZED_AUTOS = YES_AGGRESSIVE;
				GCC_WARN_UNUSED_FUNCTION = YES;
				GCC_WARN_UNUSED_VARIABLE = YES;
				IPHONEOS_DEPLOYMENT_TARGET = 17.0;
				LOCALIZATION_PREFERS_STRING_CATALOGS = YES;
				MTL_ENABLE_DEBUG_INFO = INCLUDE_SOURCE;
				MTL_FAST_MATH = YES;
				ONLY_ACTIVE_ARCH = YES;
				SDKROOT = iphoneos;
				SWIFT_ACTIVE_COMPILATION_CONDITIONS = "DEBUG $(inherited)";
				SWIFT_OPTIMIZATION_LEVEL = "-Onone";
			};
			name = Debug;
		};
		2152FC5C2B5F772300CBAC32 /* Release */ = {
			isa = XCBuildConfiguration;
			buildSettings = {
				ALWAYS_SEARCH_USER_PATHS = NO;
				ASSETCATALOG_COMPILER_GENERATE_SWIFT_ASSET_SYMBOL_EXTENSIONS = YES;
				CLANG_ANALYZER_NONNULL = YES;
				CLANG_ANALYZER_NUMBER_OBJECT_CONVERSION = YES_AGGRESSIVE;
				CLANG_CXX_LANGUAGE_STANDARD = "gnu++20";
				CLANG_ENABLE_MODULES = YES;
				CLANG_ENABLE_OBJC_ARC = YES;
				CLANG_ENABLE_OBJC_WEAK = YES;
				CLANG_WARN_BLOCK_CAPTURE_AUTORELEASING = YES;
				CLANG_WARN_BOOL_CONVERSION = YES;
				CLANG_WARN_COMMA = YES;
				CLANG_WARN_CONSTANT_CONVERSION = YES;
				CLANG_WARN_DEPRECATED_OBJC_IMPLEMENTATIONS = YES;
				CLANG_WARN_DIRECT_OBJC_ISA_USAGE = YES_ERROR;
				CLANG_WARN_DOCUMENTATION_COMMENTS = YES;
				CLANG_WARN_EMPTY_BODY = YES;
				CLANG_WARN_ENUM_CONVERSION = YES;
				CLANG_WARN_INFINITE_RECURSION = YES;
				CLANG_WARN_INT_CONVERSION = YES;
				CLANG_WARN_NON_LITERAL_NULL_CONVERSION = YES;
				CLANG_WARN_OBJC_IMPLICIT_RETAIN_SELF = YES;
				CLANG_WARN_OBJC_LITERAL_CONVERSION = YES;
				CLANG_WARN_OBJC_ROOT_CLASS = YES_ERROR;
				CLANG_WARN_QUOTED_INCLUDE_IN_FRAMEWORK_HEADER = YES;
				CLANG_WARN_RANGE_LOOP_ANALYSIS = YES;
				CLANG_WARN_STRICT_PROTOTYPES = YES;
				CLANG_WARN_SUSPICIOUS_MOVE = YES;
				CLANG_WARN_UNGUARDED_AVAILABILITY = YES_AGGRESSIVE;
				CLANG_WARN_UNREACHABLE_CODE = YES;
				CLANG_WARN__DUPLICATE_METHOD_MATCH = YES;
				COPY_PHASE_STRIP = NO;
				DEBUG_INFORMATION_FORMAT = "dwarf-with-dsym";
				ENABLE_NS_ASSERTIONS = NO;
				ENABLE_STRICT_OBJC_MSGSEND = YES;
				ENABLE_USER_SCRIPT_SANDBOXING = YES;
				GCC_C_LANGUAGE_STANDARD = gnu17;
				GCC_NO_COMMON_BLOCKS = YES;
				GCC_WARN_64_TO_32_BIT_CONVERSION = YES;
				GCC_WARN_ABOUT_RETURN_TYPE = YES_ERROR;
				GCC_WARN_UNDECLARED_SELECTOR = YES;
				GCC_WARN_UNINITIALIZED_AUTOS = YES_AGGRESSIVE;
				GCC_WARN_UNUSED_FUNCTION = YES;
				GCC_WARN_UNUSED_VARIABLE = YES;
				IPHONEOS_DEPLOYMENT_TARGET = 17.0;
				LOCALIZATION_PREFERS_STRING_CATALOGS = YES;
				MTL_ENABLE_DEBUG_INFO = NO;
				MTL_FAST_MATH = YES;
				SDKROOT = iphoneos;
				SWIFT_COMPILATION_MODE = wholemodule;
				VALIDATE_PRODUCT = YES;
			};
			name = Release;
		};
		2152FC5E2B5F772300CBAC32 /* Debug */ = {
			isa = XCBuildConfiguration;
			baseConfigurationReference = 6C8AC4CCA02DC1D63CDAF334 /* Pods-ConvertToPDF.debug.xcconfig */;
			buildSettings = {
				ASSETCATALOG_COMPILER_APPICON_NAME = AppIcon;
				ASSETCATALOG_COMPILER_GLOBAL_ACCENT_COLOR_NAME = AccentColor;
				CODE_SIGN_STYLE = Automatic;
				CURRENT_PROJECT_VERSION = 1;
				DEVELOPMENT_TEAM = BV827BG4DQ;
				GENERATE_INFOPLIST_FILE = YES;
				INFOPLIST_FILE = ConvertToPDF/Info.plist;
				INFOPLIST_KEY_CFBundleDisplayName = ConvertToPDF;
				INFOPLIST_KEY_NSCameraUsageDescription = "We need access to your camera to take photos";
				INFOPLIST_KEY_NSPhotoLibraryUsageDescription = "We need access to your photo library to select images.";
				INFOPLIST_KEY_UIApplicationSupportsIndirectInputEvents = YES;
				INFOPLIST_KEY_UILaunchStoryboardName = LaunchScreen;
				INFOPLIST_KEY_UIMainStoryboardFile = Main;
				INFOPLIST_KEY_UISupportedInterfaceOrientations = "UIInterfaceOrientationLandscapeLeft UIInterfaceOrientationLandscapeRight UIInterfaceOrientationPortrait";
				INFOPLIST_KEY_UISupportedInterfaceOrientations_iPad = "UIInterfaceOrientationLandscapeLeft UIInterfaceOrientationLandscapeRight UIInterfaceOrientationPortrait UIInterfaceOrientationPortraitUpsideDown";
				INFOPLIST_KEY_UISupportsDocumentBrowser = YES;
				INFOPLIST_KEY_UIUserInterfaceStyle = Light;
				LD_RUNPATH_SEARCH_PATHS = (
					"$(inherited)",
					"@executable_path/Frameworks",
				);
				MARKETING_VERSION = 1.0;
				PRODUCT_BUNDLE_IDENTIFIER = com.PhotoApp.ios.ConvertToPDF;
				PRODUCT_NAME = "$(TARGET_NAME)";
				SWIFT_EMIT_LOC_STRINGS = YES;
				SWIFT_VERSION = 5.0;
				TARGETED_DEVICE_FAMILY = "1,2";
			};
			name = Debug;
		};
		2152FC5F2B5F772300CBAC32 /* Release */ = {
			isa = XCBuildConfiguration;
			baseConfigurationReference = EDB83EAD416D1336EF6B494D /* Pods-ConvertToPDF.release.xcconfig */;
			buildSettings = {
				ASSETCATALOG_COMPILER_APPICON_NAME = AppIcon;
				ASSETCATALOG_COMPILER_GLOBAL_ACCENT_COLOR_NAME = AccentColor;
				CODE_SIGN_STYLE = Automatic;
				CURRENT_PROJECT_VERSION = 1;
				DEVELOPMENT_TEAM = BV827BG4DQ;
				GENERATE_INFOPLIST_FILE = YES;
				INFOPLIST_FILE = ConvertToPDF/Info.plist;
				INFOPLIST_KEY_CFBundleDisplayName = ConvertToPDF;
				INFOPLIST_KEY_NSCameraUsageDescription = "We need access to your camera to take photos";
				INFOPLIST_KEY_NSPhotoLibraryUsageDescription = "We need access to your photo library to select images.";
				INFOPLIST_KEY_UIApplicationSupportsIndirectInputEvents = YES;
				INFOPLIST_KEY_UILaunchStoryboardName = LaunchScreen;
				INFOPLIST_KEY_UIMainStoryboardFile = Main;
				INFOPLIST_KEY_UISupportedInterfaceOrientations = "UIInterfaceOrientationLandscapeLeft UIInterfaceOrientationLandscapeRight UIInterfaceOrientationPortrait";
				INFOPLIST_KEY_UISupportedInterfaceOrientations_iPad = "UIInterfaceOrientationLandscapeLeft UIInterfaceOrientationLandscapeRight UIInterfaceOrientationPortrait UIInterfaceOrientationPortraitUpsideDown";
				INFOPLIST_KEY_UISupportsDocumentBrowser = YES;
				INFOPLIST_KEY_UIUserInterfaceStyle = Light;
				LD_RUNPATH_SEARCH_PATHS = (
					"$(inherited)",
					"@executable_path/Frameworks",
				);
				MARKETING_VERSION = 1.0;
				PRODUCT_BUNDLE_IDENTIFIER = com.PhotoApp.ios.ConvertToPDF;
				PRODUCT_NAME = "$(TARGET_NAME)";
				SWIFT_EMIT_LOC_STRINGS = YES;
				SWIFT_VERSION = 5.0;
				TARGETED_DEVICE_FAMILY = "1,2";
			};
			name = Release;
		};
		2152FC612B5F772300CBAC32 /* Debug */ = {
			isa = XCBuildConfiguration;
			baseConfigurationReference = 4226F7CC765CEC2910BFEC9B /* Pods-ConvertToPDFTests.debug.xcconfig */;
			buildSettings = {
				ALWAYS_EMBED_SWIFT_STANDARD_LIBRARIES = YES;
				BUNDLE_LOADER = "$(TEST_HOST)";
				CODE_SIGN_STYLE = Automatic;
				CURRENT_PROJECT_VERSION = 1;
				DEVELOPMENT_TEAM = BV827BG4DQ;
				GENERATE_INFOPLIST_FILE = YES;
				IPHONEOS_DEPLOYMENT_TARGET = 14.0;
				MARKETING_VERSION = 1.0;
				PRODUCT_BUNDLE_IDENTIFIER = com.PhotoApp.ios.ConvertToPDFTests;
				PRODUCT_NAME = "$(TARGET_NAME)";
				SWIFT_EMIT_LOC_STRINGS = NO;
				SWIFT_VERSION = 5.0;
				TARGETED_DEVICE_FAMILY = "1,2";
				TEST_HOST = "$(BUILT_PRODUCTS_DIR)/ConvertToPDF.app/$(BUNDLE_EXECUTABLE_FOLDER_PATH)/ConvertToPDF";
			};
			name = Debug;
		};
		2152FC622B5F772300CBAC32 /* Release */ = {
			isa = XCBuildConfiguration;
			baseConfigurationReference = 2260891F8467BE60D15CB7BE /* Pods-ConvertToPDFTests.release.xcconfig */;
			buildSettings = {
				ALWAYS_EMBED_SWIFT_STANDARD_LIBRARIES = YES;
				BUNDLE_LOADER = "$(TEST_HOST)";
				CODE_SIGN_STYLE = Automatic;
				CURRENT_PROJECT_VERSION = 1;
				DEVELOPMENT_TEAM = BV827BG4DQ;
				GENERATE_INFOPLIST_FILE = YES;
				IPHONEOS_DEPLOYMENT_TARGET = 14.0;
				MARKETING_VERSION = 1.0;
				PRODUCT_BUNDLE_IDENTIFIER = com.PhotoApp.ios.ConvertToPDFTests;
				PRODUCT_NAME = "$(TARGET_NAME)";
				SWIFT_EMIT_LOC_STRINGS = NO;
				SWIFT_VERSION = 5.0;
				TARGETED_DEVICE_FAMILY = "1,2";
				TEST_HOST = "$(BUILT_PRODUCTS_DIR)/ConvertToPDF.app/$(BUNDLE_EXECUTABLE_FOLDER_PATH)/ConvertToPDF";
			};
			name = Release;
		};
		2152FC642B5F772300CBAC32 /* Debug */ = {
			isa = XCBuildConfiguration;
			baseConfigurationReference = CAC8D8402242A48DE9142132 /* Pods-ConvertToPDF-ConvertToPDFUITests.debug.xcconfig */;
			buildSettings = {
				ALWAYS_EMBED_SWIFT_STANDARD_LIBRARIES = YES;
				CODE_SIGN_STYLE = Automatic;
				CURRENT_PROJECT_VERSION = 1;
				DEVELOPMENT_TEAM = BV827BG4DQ;
				GENERATE_INFOPLIST_FILE = YES;
				MARKETING_VERSION = 1.0;
				PRODUCT_BUNDLE_IDENTIFIER = com.PhotoApp.ios.ConvertToPDFUITests;
				PRODUCT_NAME = "$(TARGET_NAME)";
				SWIFT_EMIT_LOC_STRINGS = NO;
				SWIFT_VERSION = 5.0;
				TARGETED_DEVICE_FAMILY = "1,2";
				TEST_TARGET_NAME = InternalStoragePhotos;
			};
			name = Debug;
		};
		2152FC652B5F772300CBAC32 /* Release */ = {
			isa = XCBuildConfiguration;
			baseConfigurationReference = 659168272F8913B5FD9AB1A9 /* Pods-ConvertToPDF-ConvertToPDFUITests.release.xcconfig */;
			buildSettings = {
				ALWAYS_EMBED_SWIFT_STANDARD_LIBRARIES = YES;
				CODE_SIGN_STYLE = Automatic;
				CURRENT_PROJECT_VERSION = 1;
				DEVELOPMENT_TEAM = BV827BG4DQ;
				GENERATE_INFOPLIST_FILE = YES;
				MARKETING_VERSION = 1.0;
				PRODUCT_BUNDLE_IDENTIFIER = "com.PhotoApp.ios.-ConvertToPDF-UITests";
				PRODUCT_NAME = "$(TARGET_NAME)";
				SWIFT_EMIT_LOC_STRINGS = NO;
				SWIFT_VERSION = 5.0;
				TARGETED_DEVICE_FAMILY = "1,2";
				TEST_TARGET_NAME = InternalStoragePhotos;
			};
			name = Release;
		};
/* End XCBuildConfiguration section */

/* Begin XCConfigurationList section */
		2152FC2E2B5F772000CBAC32 /* Build configuration list for PBXProject "ConvertToPDF" */ = {
			isa = XCConfigurationList;
			buildConfigurations = (
				2152FC5B2B5F772300CBAC32 /* Debug */,
				2152FC5C2B5F772300CBAC32 /* Release */,
			);
			defaultConfigurationIsVisible = 0;
			defaultConfigurationName = Release;
		};
		2152FC5D2B5F772300CBAC32 /* Build configuration list for PBXNativeTarget "ConvertToPDF" */ = {
			isa = XCConfigurationList;
			buildConfigurations = (
				2152FC5E2B5F772300CBAC32 /* Debug */,
				2152FC5F2B5F772300CBAC32 /* Release */,
			);
			defaultConfigurationIsVisible = 0;
			defaultConfigurationName = Release;
		};
		2152FC602B5F772300CBAC32 /* Build configuration list for PBXNativeTarget "ConvertToPDFTests" */ = {
			isa = XCConfigurationList;
			buildConfigurations = (
				2152FC612B5F772300CBAC32 /* Debug */,
				2152FC622B5F772300CBAC32 /* Release */,
			);
			defaultConfigurationIsVisible = 0;
			defaultConfigurationName = Release;
		};
		2152FC632B5F772300CBAC32 /* Build configuration list for PBXNativeTarget "ConvertToPDFUITests" */ = {
			isa = XCConfigurationList;
			buildConfigurations = (
				2152FC642B5F772300CBAC32 /* Debug */,
				2152FC652B5F772300CBAC32 /* Release */,
			);
			defaultConfigurationIsVisible = 0;
			defaultConfigurationName = Release;
		};
/* End XCConfigurationList section */
	};
	rootObject = 2152FC2B2B5F772000CBAC32 /* Project object */;
}
